// !$*UTF8*$!
{
	archiveVersion = 1;
	classes = {
	};
	objectVersion = 56;
	objects = {

/* Begin PBXBuildFile section */
		1B42F8912C934AEA00E9619F /* AppDelegate.swift in Sources */ = {isa = PBXBuildFile; fileRef = 1B42F8902C934AEA00E9619F /* AppDelegate.swift */; };
		1B42F8932C934AEA00E9619F /* SceneDelegate.swift in Sources */ = {isa = PBXBuildFile; fileRef = 1B42F8922C934AEA00E9619F /* SceneDelegate.swift */; };
		1B42F8952C934AEA00E9619F /* ViewController.swift in Sources */ = {isa = PBXBuildFile; fileRef = 1B42F8942C934AEA00E9619F /* ViewController.swift */; };
		1B42F8982C934AEA00E9619F /* Base in Resources */ = {isa = PBXBuildFile; fileRef = 1B42F8972C934AEA00E9619F /* Base */; };
		1B42F89A2C934AEE00E9619F /* Assets.xcassets in Resources */ = {isa = PBXBuildFile; fileRef = 1B42F8992C934AEE00E9619F /* Assets.xcassets */; };
		1B42F89D2C934AEE00E9619F /* Base in Resources */ = {isa = PBXBuildFile; fileRef = 1B42F89C2C934AEE00E9619F /* Base */; };
		1B42F8A82C934AEE00E9619F /* MovietrendingTests.swift in Sources */ = {isa = PBXBuildFile; fileRef = 1B42F8A72C934AEE00E9619F /* MovietrendingTests.swift */; };
		1B42F8B22C934AEE00E9619F /* MovietrendingUITests.swift in Sources */ = {isa = PBXBuildFile; fileRef = 1B42F8B12C934AEE00E9619F /* MovietrendingUITests.swift */; };
		1B42F8B42C934AEE00E9619F /* MovietrendingUITestsLaunchTests.swift in Sources */ = {isa = PBXBuildFile; fileRef = 1B42F8B32C934AEE00E9619F /* MovietrendingUITestsLaunchTests.swift */; };
/* End PBXBuildFile section */

/* Begin PBXContainerItemProxy section */
		1B42F8A42C934AEE00E9619F /* PBXContainerItemProxy */ = {
			isa = PBXContainerItemProxy;
			containerPortal = 1B42F8852C934AEA00E9619F /* Project object */;
			proxyType = 1;
			remoteGlobalIDString = 1B42F88C2C934AEA00E9619F;
			remoteInfo = Movietrending;
		};
		1B42F8AE2C934AEE00E9619F /* PBXContainerItemProxy */ = {
			isa = PBXContainerItemProxy;
			containerPortal = 1B42F8852C934AEA00E9619F /* Project object */;
			proxyType = 1;
			remoteGlobalIDString = 1B42F88C2C934AEA00E9619F;
			remoteInfo = Movietrending;
		};
/* End PBXContainerItemProxy section */

/* Begin PBXFileReference section */
		1B42F88D2C934AEA00E9619F /* Movietrending.app */ = {isa = PBXFileReference; explicitFileType = wrapper.application; includeInIndex = 0; path = Movietrending.app; sourceTree = BUILT_PRODUCTS_DIR; };
		1B42F8902C934AEA00E9619F /* AppDelegate.swift */ = {isa = PBXFileReference; lastKnownFileType = sourcecode.swift; path = AppDelegate.swift; sourceTree = "<group>"; };
		1B42F8922C934AEA00E9619F /* SceneDelegate.swift */ = {isa = PBXFileReference; lastKnownFileType = sourcecode.swift; path = SceneDelegate.swift; sourceTree = "<group>"; };
		1B42F8942C934AEA00E9619F /* ViewController.swift */ = {isa = PBXFileReference; lastKnownFileType = sourcecode.swift; path = ViewController.swift; sourceTree = "<group>"; };
		1B42F8972C934AEA00E9619F /* Base */ = {isa = PBXFileReference; lastKnownFileType = file.storyboard; name = Base; path = Base.lproj/Main.storyboard; sourceTree = "<group>"; };
		1B42F8992C934AEE00E9619F /* Assets.xcassets */ = {isa = PBXFileReference; lastKnownFileType = folder.assetcatalog; path = Assets.xcassets; sourceTree = "<group>"; };
		1B42F89C2C934AEE00E9619F /* Base */ = {isa = PBXFileReference; lastKnownFileType = file.storyboard; name = Base; path = Base.lproj/LaunchScreen.storyboard; sourceTree = "<group>"; };
		1B42F89E2C934AEE00E9619F /* Info.plist */ = {isa = PBXFileReference; lastKnownFileType = text.plist.xml; path = Info.plist; sourceTree = "<group>"; };
		1B42F8A32C934AEE00E9619F /* MovietrendingTests.xctest */ = {isa = PBXFileReference; explicitFileType = wrapper.cfbundle; includeInIndex = 0; path = MovietrendingTests.xctest; sourceTree = BUILT_PRODUCTS_DIR; };
		1B42F8A72C934AEE00E9619F /* MovietrendingTests.swift */ = {isa = PBXFileReference; lastKnownFileType = sourcecode.swift; path = MovietrendingTests.swift; sourceTree = "<group>"; };
		1B42F8AD2C934AEE00E9619F /* MovietrendingUITests.xctest */ = {isa = PBXFileReference; explicitFileType = wrapper.cfbundle; includeInIndex = 0; path = MovietrendingUITests.xctest; sourceTree = BUILT_PRODUCTS_DIR; };
		1B42F8B12C934AEE00E9619F /* MovietrendingUITests.swift */ = {isa = PBXFileReference; lastKnownFileType = sourcecode.swift; path = MovietrendingUITests.swift; sourceTree = "<group>"; };
		1B42F8B32C934AEE00E9619F /* MovietrendingUITestsLaunchTests.swift */ = {isa = PBXFileReference; lastKnownFileType = sourcecode.swift; path = MovietrendingUITestsLaunchTests.swift; sourceTree = "<group>"; };
/* End PBXFileReference section */

/* Begin PBXFrameworksBuildPhase section */
		1B42F88A2C934AEA00E9619F /* Frameworks */ = {
			isa = PBXFrameworksBuildPhase;
			buildActionMask = 2147483647;
			files = (
			);
			runOnlyForDeploymentPostprocessing = 0;
		};
		1B42F8A02C934AEE00E9619F /* Frameworks */ = {
			isa = PBXFrameworksBuildPhase;
			buildActionMask = 2147483647;
			files = (
			);
			runOnlyForDeploymentPostprocessing = 0;
		};
		1B42F8AA2C934AEE00E9619F /* Frameworks */ = {
			isa = PBXFrameworksBuildPhase;
			buildActionMask = 2147483647;
			files = (
			);
			runOnlyForDeploymentPostprocessing = 0;
		};
/* End PBXFrameworksBuildPhase section */

/* Begin PBXGroup section */
		1B42F8842C934AEA00E9619F = {
			isa = PBXGroup;
			children = (
				1B42F88F2C934AEA00E9619F /* Movietrending */,
				1B42F8A62C934AEE00E9619F /* MovietrendingTests */,
				1B42F8B02C934AEE00E9619F /* MovietrendingUITests */,
				1B42F88E2C934AEA00E9619F /* Products */,
			);
			sourceTree = "<group>";
		};
		1B42F88E2C934AEA00E9619F /* Products */ = {
			isa = PBXGroup;
			children = (
				1B42F88D2C934AEA00E9619F /* Movietrending.app */,
				1B42F8A32C934AEE00E9619F /* MovietrendingTests.xctest */,
				1B42F8AD2C934AEE00E9619F /* MovietrendingUITests.xctest */,
			);
			name = Products;
			sourceTree = "<group>";
		};
		1B42F88F2C934AEA00E9619F /* Movietrending */ = {
			isa = PBXGroup;
			children = (
				1B42F8902C934AEA00E9619F /* AppDelegate.swift */,
				1B42F8922C934AEA00E9619F /* SceneDelegate.swift */,
				1B42F8942C934AEA00E9619F /* ViewController.swift */,
				1B42F8962C934AEA00E9619F /* Main.storyboard */,
				1B42F8992C934AEE00E9619F /* Assets.xcassets */,
				1B42F89B2C934AEE00E9619F /* LaunchScreen.storyboard */,
				1B42F89E2C934AEE00E9619F /* Info.plist */,
			);
			path = Movietrending;
			sourceTree = "<group>";
		};
		1B42F8A62C934AEE00E9619F /* MovietrendingTests */ = {
			isa = PBXGroup;
			children = (
				1B42F8A72C934AEE00E9619F /* MovietrendingTests.swift */,
			);
			path = MovietrendingTests;
			sourceTree = "<group>";
		};
		1B42F8B02C934AEE00E9619F /* MovietrendingUITests */ = {
			isa = PBXGroup;
			children = (
				1B42F8B12C934AEE00E9619F /* MovietrendingUITests.swift */,
				1B42F8B32C934AEE00E9619F /* MovietrendingUITestsLaunchTests.swift */,
			);
			path = MovietrendingUITests;
			sourceTree = "<group>";
		};
/* End PBXGroup section */

/* Begin PBXNativeTarget section */
		1B42F88C2C934AEA00E9619F /* Movietrending */ = {
			isa = PBXNativeTarget;
			buildConfigurationList = 1B42F8B72C934AEE00E9619F /* Build configuration list for PBXNativeTarget "Movietrending" */;
			buildPhases = (
				1B42F8892C934AEA00E9619F /* Sources */,
				1B42F88A2C934AEA00E9619F /* Frameworks */,
				1B42F88B2C934AEA00E9619F /* Resources */,
			);
			buildRules = (
			);
			dependencies = (
			);
			name = Movietrending;
			productName = Movietrending;
			productReference = 1B42F88D2C934AEA00E9619F /* Movietrending.app */;
			productType = "com.apple.product-type.application";
		};
		1B42F8A22C934AEE00E9619F /* MovietrendingTests */ = {
			isa = PBXNativeTarget;
			buildConfigurationList = 1B42F8BA2C934AEE00E9619F /* Build configuration list for PBXNativeTarget "MovietrendingTests" */;
			buildPhases = (
				1B42F89F2C934AEE00E9619F /* Sources */,
				1B42F8A02C934AEE00E9619F /* Frameworks */,
				1B42F8A12C934AEE00E9619F /* Resources */,
			);
			buildRules = (
			);
			dependencies = (
				1B42F8A52C934AEE00E9619F /* PBXTargetDependency */,
			);
			name = MovietrendingTests;
			productName = MovietrendingTests;
			productReference = 1B42F8A32C934AEE00E9619F /* MovietrendingTests.xctest */;
			productType = "com.apple.product-type.bundle.unit-test";
		};
		1B42F8AC2C934AEE00E9619F /* MovietrendingUITests */ = {
			isa = PBXNativeTarget;
			buildConfigurationList = 1B42F8BD2C934AEE00E9619F /* Build configuration list for PBXNativeTarget "MovietrendingUITests" */;
			buildPhases = (
				1B42F8A92C934AEE00E9619F /* Sources */,
				1B42F8AA2C934AEE00E9619F /* Frameworks */,
				1B42F8AB2C934AEE00E9619F /* Resources */,
			);
			buildRules = (
			);
			dependencies = (
				1B42F8AF2C934AEE00E9619F /* PBXTargetDependency */,
			);
			name = MovietrendingUITests;
			productName = MovietrendingUITests;
			productReference = 1B42F8AD2C934AEE00E9619F /* MovietrendingUITests.xctest */;
			productType = "com.apple.product-type.bundle.ui-testing";
		};
/* End PBXNativeTarget section */

/* Begin PBXProject section */
		1B42F8852C934AEA00E9619F /* Project object */ = {
			isa = PBXProject;
			attributes = {
				BuildIndependentTargetsInParallel = 1;
				LastSwiftUpdateCheck = 1540;
				LastUpgradeCheck = 1540;
				TargetAttributes = {
					1B42F88C2C934AEA00E9619F = {
						CreatedOnToolsVersion = 15.4;
					};
					1B42F8A22C934AEE00E9619F = {
						CreatedOnToolsVersion = 15.4;
						TestTargetID = 1B42F88C2C934AEA00E9619F;
					};
					1B42F8AC2C934AEE00E9619F = {
						CreatedOnToolsVersion = 15.4;
						TestTargetID = 1B42F88C2C934AEA00E9619F;
					};
				};
			};
			buildConfigurationList = 1B42F8882C934AEA00E9619F /* Build configuration list for PBXProject "Movietrending" */;
			compatibilityVersion = "Xcode 14.0";
			developmentRegion = en;
			hasScannedForEncodings = 0;
			knownRegions = (
				en,
				Base,
			);
			mainGroup = 1B42F8842C934AEA00E9619F;
			productRefGroup = 1B42F88E2C934AEA00E9619F /* Products */;
			projectDirPath = "";
			projectRoot = "";
			targets = (
				1B42F88C2C934AEA00E9619F /* Movietrending */,
				1B42F8A22C934AEE00E9619F /* MovietrendingTests */,
				1B42F8AC2C934AEE00E9619F /* MovietrendingUITests */,
			);
		};
/* End PBXProject section */

/* Begin PBXResourcesBuildPhase section */
		1B42F88B2C934AEA00E9619F /* Resources */ = {
			isa = PBXResourcesBuildPhase;
			buildActionMask = 2147483647;
			files = (
				1B42F89A2C934AEE00E9619F /* Assets.xcassets in Resources */,
				1B42F89D2C934AEE00E9619F /* Base in Resources */,
				1B42F8982C934AEA00E9619F /* Base in Resources */,
			);
			runOnlyForDeploymentPostprocessing = 0;
		};
		1B42F8A12C934AEE00E9619F /* Resources */ = {
			isa = PBXResourcesBuildPhase;
			buildActionMask = 2147483647;
			files = (
			);
			runOnlyForDeploymentPostprocessing = 0;
		};
		1B42F8AB2C934AEE00E9619F /* Resources */ = {
			isa = PBXResourcesBuildPhase;
			buildActionMask = 2147483647;
			files = (
			);
			runOnlyForDeploymentPostprocessing = 0;
		};
/* End PBXResourcesBuildPhase section */

/* Begin PBXSourcesBuildPhase section */
		1B42F8892C934AEA00E9619F /* Sources */ = {
			isa = PBXSourcesBuildPhase;
			buildActionMask = 2147483647;
			files = (
				1B42F8952C934AEA00E9619F /* ViewController.swift in Sources */,
				1B42F8912C934AEA00E9619F /* AppDelegate.swift in Sources */,
				1B42F8932C934AEA00E9619F /* SceneDelegate.swift in Sources */,
			);
			runOnlyForDeploymentPostprocessing = 0;
		};
		1B42F89F2C934AEE00E9619F /* Sources */ = {
			isa = PBXSourcesBuildPhase;
			buildActionMask = 2147483647;
			files = (
				1B42F8A82C934AEE00E9619F /* MovietrendingTests.swift in Sources */,
			);
			runOnlyForDeploymentPostprocessing = 0;
		};
		1B42F8A92C934AEE00E9619F /* Sources */ = {
			isa = PBXSourcesBuildPhase;
			buildActionMask = 2147483647;
			files = (
				1B42F8B42C934AEE00E9619F /* MovietrendingUITestsLaunchTests.swift in Sources */,
				1B42F8B22C934AEE00E9619F /* MovietrendingUITests.swift in Sources */,
			);
			runOnlyForDeploymentPostprocessing = 0;
		};
/* End PBXSourcesBuildPhase section */

/* Begin PBXTargetDependency section */
		1B42F8A52C934AEE00E9619F /* PBXTargetDependency */ = {
			isa = PBXTargetDependency;
			target = 1B42F88C2C934AEA00E9619F /* Movietrending */;
			targetProxy = 1B42F8A42C934AEE00E9619F /* PBXContainerItemProxy */;
		};
		1B42F8AF2C934AEE00E9619F /* PBXTargetDependency */ = {
			isa = PBXTargetDependency;
			target = 1B42F88C2C934AEA00E9619F /* Movietrending */;
			targetProxy = 1B42F8AE2C934AEE00E9619F /* PBXContainerItemProxy */;
		};
/* End PBXTargetDependency section */

/* Begin PBXVariantGroup section */
		1B42F8962C934AEA00E9619F /* Main.storyboard */ = {
			isa = PBXVariantGroup;
			children = (
				1B42F8972C934AEA00E9619F /* Base */,
			);
			name = Main.storyboard;
			sourceTree = "<group>";
		};
		1B42F89B2C934AEE00E9619F /* LaunchScreen.storyboard */ = {
			isa = PBXVariantGroup;
			children = (
				1B42F89C2C934AEE00E9619F /* Base */,
			);
			name = LaunchScreen.storyboard;
			sourceTree = "<group>";
		};
/* End PBXVariantGroup section */

/* Begin XCBuildConfiguration section */
		1B42F8B52C934AEE00E9619F /* Debug */ = {
			isa = XCBuildConfiguration;
			buildSettings = {
				ALWAYS_SEARCH_USER_PATHS = NO;
				ASSETCATALOG_COMPILER_GENERATE_SWIFT_ASSET_SYMBOL_EXTENSIONS = YES;
				CLANG_ANALYZER_NONNULL = YES;
				CLANG_ANALYZER_NUMBER_OBJECT_CONVERSION = YES_AGGRESSIVE;
				CLANG_CXX_LANGUAGE_STANDARD = "gnu++20";
				CLANG_ENABLE_MODULES = YES;
				CLANG_ENABLE_OBJC_ARC = YES;
				CLANG_ENABLE_OBJC_WEAK = YES;
				CLANG_WARN_BLOCK_CAPTURE_AUTORELEASING = YES;
				CLANG_WARN_BOOL_CONVERSION = YES;
				CLANG_WARN_COMMA = YES;
				CLANG_WARN_CONSTANT_CONVERSION = YES;
				CLANG_WARN_DEPRECATED_OBJC_IMPLEMENTATIONS = YES;
				CLANG_WARN_DIRECT_OBJC_ISA_USAGE = YES_ERROR;
				CLANG_WARN_DOCUMENTATION_COMMENTS = YES;
				CLANG_WARN_EMPTY_BODY = YES;
				CLANG_WARN_ENUM_CONVERSION = YES;
				CLANG_WARN_INFINITE_RECURSION = YES;
				CLANG_WARN_INT_CONVERSION = YES;
				CLANG_WARN_NON_LITERAL_NULL_CONVERSION = YES;
				CLANG_WARN_OBJC_IMPLICIT_RETAIN_SELF = YES;
				CLANG_WARN_OBJC_LITERAL_CONVERSION = YES;
				CLANG_WARN_OBJC_ROOT_CLASS = YES_ERROR;
				CLANG_WARN_QUOTED_INCLUDE_IN_FRAMEWORK_HEADER = YES;
				CLANG_WARN_RANGE_LOOP_ANALYSIS = YES;
				CLANG_WARN_STRICT_PROTOTYPES = YES;
				CLANG_WARN_SUSPICIOUS_MOVE = YES;
				CLANG_WARN_UNGUARDED_AVAILABILITY = YES_AGGRESSIVE;
				CLANG_WARN_UNREACHABLE_CODE = YES;
				CLANG_WARN__DUPLICATE_METHOD_MATCH = YES;
				COPY_PHASE_STRIP = NO;
				DEBUG_INFORMATION_FORMAT = dwarf;
				ENABLE_STRICT_OBJC_MSGSEND = YES;
				ENABLE_TESTABILITY = YES;
				ENABLE_USER_SCRIPT_SANDBOXING = YES;
				GCC_C_LANGUAGE_STANDARD = gnu17;
				GCC_DYNAMIC_NO_PIC = NO;
				GCC_NO_COMMON_BLOCKS = YES;
				GCC_OPTIMIZATION_LEVEL = 0;
				GCC_PREPROCESSOR_DEFINITIONS = (
					"DEBUG=1",
					"$(inherited)",
				);
				GCC_WARN_64_TO_32_BIT_CONVERSION = YES;
				GCC_WARN_ABOUT_RETURN_TYPE = YES_ERROR;
				GCC_WARN_UNDECLARED_SELECTOR = YES;
				GCC_WARN_UNINITIALIZED_AUTOS = YES_AGGRESSIVE;
				GCC_WARN_UNUSED_FUNCTION = YES;
				GCC_WARN_UNUSED_VARIABLE = YES;
				IPHONEOS_DEPLOYMENT_TARGET = 17.5;
				LOCALIZATION_PREFERS_STRING_CATALOGS = YES;
				MTL_ENABLE_DEBUG_INFO = INCLUDE_SOURCE;
				MTL_FAST_MATH = YES;
				ONLY_ACTIVE_ARCH = YES;
				SDKROOT = iphoneos;
				SWIFT_ACTIVE_COMPILATION_CONDITIONS = "DEBUG $(inherited)";
				SWIFT_OPTIMIZATION_LEVEL = "-Onone";
			};
			name = Debug;
		};
		1B42F8B62C934AEE00E9619F /* Release */ = {
			isa = XCBuildConfiguration;
			buildSettings = {
				ALWAYS_SEARCH_USER_PATHS = NO;
				ASSETCATALOG_COMPILER_GENERATE_SWIFT_ASSET_SYMBOL_EXTENSIONS = YES;
				CLANG_ANALYZER_NONNULL = YES;
				CLANG_ANALYZER_NUMBER_OBJECT_CONVERSION = YES_AGGRESSIVE;
				CLANG_CXX_LANGUAGE_STANDARD = "gnu++20";
				CLANG_ENABLE_MODULES = YES;
				CLANG_ENABLE_OBJC_ARC = YES;
				CLANG_ENABLE_OBJC_WEAK = YES;
				CLANG_WARN_BLOCK_CAPTURE_AUTORELEASING = YES;
				CLANG_WARN_BOOL_CONVERSION = YES;
				CLANG_WARN_COMMA = YES;
				CLANG_WARN_CONSTANT_CONVERSION = YES;
				CLANG_WARN_DEPRECATED_OBJC_IMPLEMENTATIONS = YES;
				CLANG_WARN_DIRECT_OBJC_ISA_USAGE = YES_ERROR;
				CLANG_WARN_DOCUMENTATION_COMMENTS = YES;
				CLANG_WARN_EMPTY_BODY = YES;
				CLANG_WARN_ENUM_CONVERSION = YES;
				CLANG_WARN_INFINITE_RECURSION = YES;
				CLANG_WARN_INT_CONVERSION = YES;
				CLANG_WARN_NON_LITERAL_NULL_CONVERSION = YES;
				CLANG_WARN_OBJC_IMPLICIT_RETAIN_SELF = YES;
				CLANG_WARN_OBJC_LITERAL_CONVERSION = YES;
				CLANG_WARN_OBJC_ROOT_CLASS = YES_ERROR;
				CLANG_WARN_QUOTED_INCLUDE_IN_FRAMEWORK_HEADER = YES;
				CLANG_WARN_RANGE_LOOP_ANALYSIS = YES;
				CLANG_WARN_STRICT_PROTOTYPES = YES;
				CLANG_WARN_SUSPICIOUS_MOVE = YES;
				CLANG_WARN_UNGUARDED_AVAILABILITY = YES_AGGRESSIVE;
				CLANG_WARN_UNREACHABLE_CODE = YES;
				CLANG_WARN__DUPLICATE_METHOD_MATCH = YES;
				COPY_PHASE_STRIP = NO;
				DEBUG_INFORMATION_FORMAT = "dwarf-with-dsym";
				ENABLE_NS_ASSERTIONS = NO;
				ENABLE_STRICT_OBJC_MSGSEND = YES;
				ENABLE_USER_SCRIPT_SANDBOXING = YES;
				GCC_C_LANGUAGE_STANDARD = gnu17;
				GCC_NO_COMMON_BLOCKS = YES;
				GCC_WARN_64_TO_32_BIT_CONVERSION = YES;
				GCC_WARN_ABOUT_RETURN_TYPE = YES_ERROR;
				GCC_WARN_UNDECLARED_SELECTOR = YES;
				GCC_WARN_UNINITIALIZED_AUTOS = YES_AGGRESSIVE;
				GCC_WARN_UNUSED_FUNCTION = YES;
				GCC_WARN_UNUSED_VARIABLE = YES;
				IPHONEOS_DEPLOYMENT_TARGET = 17.5;
				LOCALIZATION_PREFERS_STRING_CATALOGS = YES;
				MTL_ENABLE_DEBUG_INFO = NO;
				MTL_FAST_MATH = YES;
				SDKROOT = iphoneos;
				SWIFT_COMPILATION_MODE = wholemodule;
				VALIDATE_PRODUCT = YES;
			};
			name = Release;
		};
		1B42F8B82C934AEE00E9619F /* Debug */ = {
			isa = XCBuildConfiguration;
			buildSettings = {
				ASSETCATALOG_COMPILER_APPICON_NAME = AppIcon;
				ASSETCATALOG_COMPILER_GLOBAL_ACCENT_COLOR_NAME = AccentColor;
				CODE_SIGN_STYLE = Automatic;
				CURRENT_PROJECT_VERSION = 1;
				DEVELOPMENT_TEAM = KY66PJY9Y7;
				GENERATE_INFOPLIST_FILE = YES;
				INFOPLIST_FILE = Movietrending/Info.plist;
				INFOPLIST_KEY_UIApplicationSupportsIndirectInputEvents = YES;
				INFOPLIST_KEY_UILaunchStoryboardName = LaunchScreen;
				INFOPLIST_KEY_UIMainStoryboardFile = Main;
				INFOPLIST_KEY_UISupportedInterfaceOrientations_iPad = "UIInterfaceOrientationPortrait UIInterfaceOrientationPortraitUpsideDown UIInterfaceOrientationLandscapeLeft UIInterfaceOrientationLandscapeRight";
				INFOPLIST_KEY_UISupportedInterfaceOrientations_iPhone = "UIInterfaceOrientationPortrait UIInterfaceOrientationLandscapeLeft UIInterfaceOrientationLandscapeRight";
				LD_RUNPATH_SEARCH_PATHS = (
					"$(inherited)",
					"@executable_path/Frameworks",
				);
				MARKETING_VERSION = 1.0;
				PRODUCT_BUNDLE_IDENTIFIER = Movietrending.Movietrending;
				PRODUCT_NAME = "$(TARGET_NAME)";
				SWIFT_EMIT_LOC_STRINGS = YES;
				SWIFT_VERSION = 5.0;
				TARGETED_DEVICE_FAMILY = "1,2";
			};
			name = Debug;
		};
		1B42F8B92C934AEE00E9619F /* Release */ = {
			isa = XCBuildConfiguration;
			buildSettings = {
				ASSETCATALOG_COMPILER_APPICON_NAME = AppIcon;
				ASSETCATALOG_COMPILER_GLOBAL_ACCENT_COLOR_NAME = AccentColor;
				CODE_SIGN_STYLE = Automatic;
				CURRENT_PROJECT_VERSION = 1;
				DEVELOPMENT_TEAM = KY66PJY9Y7;
				GENERATE_INFOPLIST_FILE = YES;
				INFOPLIST_FILE = Movietrending/Info.plist;
				INFOPLIST_KEY_UIApplicationSupportsIndirectInputEvents = YES;
				INFOPLIST_KEY_UILaunchStoryboardName = LaunchScreen;
				INFOPLIST_KEY_UIMainStoryboardFile = Main;
				INFOPLIST_KEY_UISupportedInterfaceOrientations_iPad = "UIInterfaceOrientationPortrait UIInterfaceOrientationPortraitUpsideDown UIInterfaceOrientationLandscapeLeft UIInterfaceOrientationLandscapeRight";
				INFOPLIST_KEY_UISupportedInterfaceOrientations_iPhone = "UIInterfaceOrientationPortrait UIInterfaceOrientationLandscapeLeft UIInterfaceOrientationLandscapeRight";
				LD_RUNPATH_SEARCH_PATHS = (
					"$(inherited)",
					"@executable_path/Frameworks",
				);
				MARKETING_VERSION = 1.0;
				PRODUCT_BUNDLE_IDENTIFIER = Movietrending.Movietrending;
				PRODUCT_NAME = "$(TARGET_NAME)";
				SWIFT_EMIT_LOC_STRINGS = YES;
				SWIFT_VERSION = 5.0;
				TARGETED_DEVICE_FAMILY = "1,2";
			};
			name = Release;
		};
		1B42F8BB2C934AEE00E9619F /* Debug */ = {
			isa = XCBuildConfiguration;
			buildSettings = {
				ALWAYS_EMBED_SWIFT_STANDARD_LIBRARIES = YES;
				BUNDLE_LOADER = "$(TEST_HOST)";
				CODE_SIGN_STYLE = Automatic;
				CURRENT_PROJECT_VERSION = 1;
				DEVELOPMENT_TEAM = KY66PJY9Y7;
				GENERATE_INFOPLIST_FILE = YES;
				IPHONEOS_DEPLOYMENT_TARGET = 17.5;
				MARKETING_VERSION = 1.0;
				PRODUCT_BUNDLE_IDENTIFIER = Movietrending.MovietrendingTests;
				PRODUCT_NAME = "$(TARGET_NAME)";
				SWIFT_EMIT_LOC_STRINGS = NO;
				SWIFT_VERSION = 5.0;
				TARGETED_DEVICE_FAMILY = "1,2";
				TEST_HOST = "$(BUILT_PRODUCTS_DIR)/Movietrending.app/$(BUNDLE_EXECUTABLE_FOLDER_PATH)/Movietrending";
			};
			name = Debug;
		};
		1B42F8BC2C934AEE00E9619F /* Release */ = {
			isa = XCBuildConfiguration;
			buildSettings = {
				ALWAYS_EMBED_SWIFT_STANDARD_LIBRARIES = YES;
				BUNDLE_LOADER = "$(TEST_HOST)";
				CODE_SIGN_STYLE = Automatic;
				CURRENT_PROJECT_VERSION = 1;
				DEVELOPMENT_TEAM = KY66PJY9Y7;
				GENERATE_INFOPLIST_FILE = YES;
				IPHONEOS_DEPLOYMENT_TARGET = 17.5;
				MARKETING_VERSION = 1.0;
				PRODUCT_BUNDLE_IDENTIFIER = Movietrending.MovietrendingTests;
				PRODUCT_NAME = "$(TARGET_NAME)";
				SWIFT_EMIT_LOC_STRINGS = NO;
				SWIFT_VERSION = 5.0;
				TARGETED_DEVICE_FAMILY = "1,2";
				TEST_HOST = "$(BUILT_PRODUCTS_DIR)/Movietrending.app/$(BUNDLE_EXECUTABLE_FOLDER_PATH)/Movietrending";
			};
			name = Release;
		};
		1B42F8BE2C934AEE00E9619F /* Debug */ = {
			isa = XCBuildConfiguration;
			buildSettings = {
				ALWAYS_EMBED_SWIFT_STANDARD_LIBRARIES = YES;
				CODE_SIGN_STYLE = Automatic;
				CURRENT_PROJECT_VERSION = 1;
				DEVELOPMENT_TEAM = KY66PJY9Y7;
				GENERATE_INFOPLIST_FILE = YES;
				MARKETING_VERSION = 1.0;
				PRODUCT_BUNDLE_IDENTIFIER = Movietrending.MovietrendingUITests;
				PRODUCT_NAME = "$(TARGET_NAME)";
				SWIFT_EMIT_LOC_STRINGS = NO;
				SWIFT_VERSION = 5.0;
				TARGETED_DEVICE_FAMILY = "1,2";
				TEST_TARGET_NAME = Movietrending;
			};
			name = Debug;
		};
		1B42F8BF2C934AEE00E9619F /* Release */ = {
			isa = XCBuildConfiguration;
			buildSettings = {
				ALWAYS_EMBED_SWIFT_STANDARD_LIBRARIES = YES;
				CODE_SIGN_STYLE = Automatic;
				CURRENT_PROJECT_VERSION = 1;
				DEVELOPMENT_TEAM = KY66PJY9Y7;
				GENERATE_INFOPLIST_FILE = YES;
				MARKETING_VERSION = 1.0;
				PRODUCT_BUNDLE_IDENTIFIER = Movietrending.MovietrendingUITests;
				PRODUCT_NAME = "$(TARGET_NAME)";
				SWIFT_EMIT_LOC_STRINGS = NO;
				SWIFT_VERSION = 5.0;
				TARGETED_DEVICE_FAMILY = "1,2";
				TEST_TARGET_NAME = Movietrending;
			};
			name = Release;
		};
/* End XCBuildConfiguration section */

/* Begin XCConfigurationList section */
		1B42F8882C934AEA00E9619F /* Build configuration list for PBXProject "Movietrending" */ = {
			isa = XCConfigurationList;
			buildConfigurations = (
				1B42F8B52C934AEE00E9619F /* Debug */,
				1B42F8B62C934AEE00E9619F /* Release */,
			);
			defaultConfigurationIsVisible = 0;
			defaultConfigurationName = Release;
		};
		1B42F8B72C934AEE00E9619F /* Build configuration list for PBXNativeTarget "Movietrending" */ = {
			isa = XCConfigurationList;
			buildConfigurations = (
				1B42F8B82C934AEE00E9619F /* Debug */,
				1B42F8B92C934AEE00E9619F /* Release */,
			);
			defaultConfigurationIsVisible = 0;
			defaultConfigurationName = Release;
		};
		1B42F8BA2C934AEE00E9619F /* Build configuration list for PBXNativeTarget "MovietrendingTests" */ = {
			isa = XCConfigurationList;
			buildConfigurations = (
				1B42F8BB2C934AEE00E9619F /* Debug */,
				1B42F8BC2C934AEE00E9619F /* Release */,
			);
			defaultConfigurationIsVisible = 0;
			defaultConfigurationName = Release;
		};
		1B42F8BD2C934AEE00E9619F /* Build configuration list for PBXNativeTarget "MovietrendingUITests" */ = {
			isa = XCConfigurationList;
			buildConfigurations = (
				1B42F8BE2C934AEE00E9619F /* Debug */,
				1B42F8BF2C934AEE00E9619F /* Release */,
			);
			defaultConfigurationIsVisible = 0;
			defaultConfigurationName = Release;
		};
/* End XCConfigurationList section */
	};
	rootObject = 1B42F8852C934AEA00E9619F /* Project object */;
}
